
Microsoft Visual Studio Solution File, Format Version 12.00
# Visual Studio 15
VisualStudioVersion = 15.0.28010.2016
MinimumVisualStudioVersion = 10.0.40219.1
Project("{8BC9CEB8-8B4A-11D0-8D11-00A0C91BC942}") = "Project2jjjjj", "Project2jjjjj\Project2jjjjj.vcxproj", "{BF557D03-AA61-4FAD-A3A8-EB851F534C1E}"
EndProject
Global
	GlobalSection(SolutionConfigurationPlatforms) = preSolution
		Debug|x64 = Debug|x64
		Debug|x86 = Debug|x86
		Release|x64 = Release|x64
		Release|x86 = Release|x86
	EndGlobalSection
	GlobalSection(ProjectConfigurationPlatforms) = postSolution
		{BF557D03-AA61-4FAD-A3A8-EB851F534C1E}.Debug|x64.ActiveCfg = Debug|x64
		{BF557D03-AA61-4FAD-A3A8-EB851F534C1E}.Debug|x64.Build.0 = Debug|x64
		{BF557D03-AA61-4FAD-A3A8-EB851F534C1E}.Debug|x86.ActiveCfg = Debug|Win32
		{BF557D03-AA61-4FAD-A3A8-EB851F534C1E}.Debug|x86.Build.0 = Debug|Win32
		{BF557D03-AA61-4FAD-A3A8-EB851F534C1E}.Release|x64.ActiveCfg = Release|x64
		{BF557D03-AA61-4FAD-A3A8-EB851F534C1E}.Release|x64.Build.0 = Release|x64
		{BF557D03-AA61-4FAD-A3A8-EB851F534C1E}.Release|x86.ActiveCfg = Release|Win32
		{BF557D03-AA61-4FAD-A3A8-EB851F534C1E}.Release|x86.Build.0 = Release|Win32
	EndGlobalSection
	GlobalSection(SolutionProperties) = preSolution
		HideSolutionNode = FALSE
	EndGlobalSection
	GlobalSection(ExtensibilityGlobals) = postSolution
		SolutionGuid = {DA566D81-3F9B-4EC9-882D-E38D707253B1}
	EndGlobalSection
EndGlobal
